{
  "name": "@orderlion/coding-challenge",
  "version": "1.0.0",
  "lockfileVersion": 1,
  "requires": true,
  "dependencies": {
    "clone": {
      "version": "2.1.2",
      "resolved": "https://registry.npmjs.org/clone/-/clone-2.1.2.tgz",
      "integrity": "sha512-3Pe/CF1Nn94hyhIYpjtiLhdCoEoz0DqQ+988E9gmeEdQZlojxnOb74wctFyuwWQHzqyf9X7C7MG8juUpqBJT8w=="
    },
    "mongo-object": {
      "version": "3.0.1",
      "resolved": "https://registry.npmjs.org/mongo-object/-/mongo-object-3.0.1.tgz",
      "integrity": "sha512-EbiwWHvKOF9xhIzuwaqknwPISdkHMipjMs6DiJFicupgBBLEhUs0OOro9MuPkFogB17DZlsV4KJhhxfqZ7ZRMQ=="
    },
    "simpl-schema": {
      "version": "3.4.1",
      "resolved": "https://registry.npmjs.org/simpl-schema/-/simpl-schema-3.4.1.tgz",
      "integrity": "sha512-ud8kcF5BduR7VkL9A+3I/BTk2hOl+BWEetr0kQVo9t60QMLYJFmbMF3PAdeHjqqRvynazCZncZvOMG/G0gWCtA==",
      "requires": {
        "clone": "^2.1.2",
        "mongo-object": "^3.0.1"
      }
    }
  }
}
